// !$*UTF8*$!
{
	archiveVersion = 1;
	classes = {
	};
	objectVersion = 53;
	objects = {

/* Begin PBXBuildFile section */
		C4156D39276B132600487D5A /* EmojiCell.swift in Sources */ = {isa = PBXBuildFile; fileRef = C4156D38276B132600487D5A /* EmojiCell.swift */; };
		C43E53062779D7AA002B6A60 /* Screenshot02.png in Resources */ = {isa = PBXBuildFile; fileRef = C43E53032779D7AA002B6A60 /* Screenshot02.png */; };
		C43E53072779D7AA002B6A60 /* Screenshot03.png in Resources */ = {isa = PBXBuildFile; fileRef = C43E53042779D7AA002B6A60 /* Screenshot03.png */; };
		C43E53082779D7AA002B6A60 /* Screenshot01.png in Resources */ = {isa = PBXBuildFile; fileRef = C43E53052779D7AA002B6A60 /* Screenshot01.png */; };
		C45A75E32768440400C96009 /* AppDelegate.swift in Sources */ = {isa = PBXBuildFile; fileRef = C45A75E22768440400C96009 /* AppDelegate.swift */; };
		C45A75E52768440400C96009 /* SceneDelegate.swift in Sources */ = {isa = PBXBuildFile; fileRef = C45A75E42768440400C96009 /* SceneDelegate.swift */; };
		C45A75EA2768440400C96009 /* Main.storyboard in Resources */ = {isa = PBXBuildFile; fileRef = C45A75E82768440400C96009 /* Main.storyboard */; };
		C45A75EC2768440600C96009 /* Assets.xcassets in Resources */ = {isa = PBXBuildFile; fileRef = C45A75EB2768440600C96009 /* Assets.xcassets */; };
		C45A75EF2768440600C96009 /* LaunchScreen.storyboard in Resources */ = {isa = PBXBuildFile; fileRef = C45A75ED2768440600C96009 /* LaunchScreen.storyboard */; };
		C45A75F82768450D00C96009 /* Emoji.swift in Sources */ = {isa = PBXBuildFile; fileRef = C45A75F72768450D00C96009 /* Emoji.swift */; };
		C45A75FD27684B4A00C96009 /* EmojiTableViewController.swift in Sources */ = {isa = PBXBuildFile; fileRef = C45A75FC27684B4A00C96009 /* EmojiTableViewController.swift */; };
		C45A75FF27684B7200C96009 /* AddEditTableViewController.swift in Sources */ = {isa = PBXBuildFile; fileRef = C45A75FE27684B7200C96009 /* AddEditTableViewController.swift */; };
		C45A76022768528300C96009 /* CellManager.swift in Sources */ = {isa = PBXBuildFile; fileRef = C45A76012768528300C96009 /* CellManager.swift */; };
/* End PBXBuildFile section */

/* Begin PBXFileReference section */
		C4156D38276B132600487D5A /* EmojiCell.swift */ = {isa = PBXFileReference; lastKnownFileType = sourcecode.swift; path = EmojiCell.swift; sourceTree = "<group>"; };
		C43E53032779D7AA002B6A60 /* Screenshot02.png */ = {isa = PBXFileReference; lastKnownFileType = image.png; path = Screenshot02.png; sourceTree = "<group>"; };
		C43E53042779D7AA002B6A60 /* Screenshot03.png */ = {isa = PBXFileReference; lastKnownFileType = image.png; path = Screenshot03.png; sourceTree = "<group>"; };
		C43E53052779D7AA002B6A60 /* Screenshot01.png */ = {isa = PBXFileReference; lastKnownFileType = image.png; path = Screenshot01.png; sourceTree = "<group>"; };
		C45A75DF2768440400C96009 /* TableView.app */ = {isa = PBXFileReference; explicitFileType = wrapper.application; includeInIndex = 0; path = TableView.app; sourceTree = BUILT_PRODUCTS_DIR; };
		C45A75E22768440400C96009 /* AppDelegate.swift */ = {isa = PBXFileReference; lastKnownFileType = sourcecode.swift; path = AppDelegate.swift; sourceTree = "<group>"; };
		C45A75E42768440400C96009 /* SceneDelegate.swift */ = {isa = PBXFileReference; lastKnownFileType = sourcecode.swift; path = SceneDelegate.swift; sourceTree = "<group>"; };
		C45A75E92768440400C96009 /* Base */ = {isa = PBXFileReference; lastKnownFileType = file.storyboard; name = Base; path = Base.lproj/Main.storyboard; sourceTree = "<group>"; };
		C45A75EB2768440600C96009 /* Assets.xcassets */ = {isa = PBXFileReference; lastKnownFileType = folder.assetcatalog; path = Assets.xcassets; sourceTree = "<group>"; };
		C45A75EE2768440600C96009 /* Base */ = {isa = PBXFileReference; lastKnownFileType = file.storyboard; name = Base; path = Base.lproj/LaunchScreen.storyboard; sourceTree = "<group>"; };
		C45A75F02768440600C96009 /* Info.plist */ = {isa = PBXFileReference; lastKnownFileType = text.plist.xml; path = Info.plist; sourceTree = "<group>"; };
		C45A75F72768450D00C96009 /* Emoji.swift */ = {isa = PBXFileReference; lastKnownFileType = sourcecode.swift; path = Emoji.swift; sourceTree = "<group>"; };
		C45A75FC27684B4A00C96009 /* EmojiTableViewController.swift */ = {isa = PBXFileReference; lastKnownFileType = sourcecode.swift; path = EmojiTableViewController.swift; sourceTree = "<group>"; };
		C45A75FE27684B7200C96009 /* AddEditTableViewController.swift */ = {isa = PBXFileReference; lastKnownFileType = sourcecode.swift; path = AddEditTableViewController.swift; sourceTree = "<group>"; };
		C45A76012768528300C96009 /* CellManager.swift */ = {isa = PBXFileReference; lastKnownFileType = sourcecode.swift; path = CellManager.swift; sourceTree = "<group>"; };
/* End PBXFileReference section */

/* Begin PBXFrameworksBuildPhase section */
		C45A75DC2768440400C96009 /* Frameworks */ = {
			isa = PBXFrameworksBuildPhase;
			buildActionMask = 2147483647;
			files = (
			);
			runOnlyForDeploymentPostprocessing = 0;
		};
/* End PBXFrameworksBuildPhase section */

/* Begin PBXGroup section */
		C4156D36276B12A000487D5A /* StoryBoard */ = {
			isa = PBXGroup;
			children = (
				C45A75E82768440400C96009 /* Main.storyboard */,
				C45A75ED2768440600C96009 /* LaunchScreen.storyboard */,
			);
			path = StoryBoard;
			sourceTree = "<group>";
		};
		C4156D37276B12BB00487D5A /* Cells */ = {
			isa = PBXGroup;
			children = (
				C4156D38276B132600487D5A /* EmojiCell.swift */,
			);
			path = Cells;
			sourceTree = "<group>";
		};
		C43E53022779D78E002B6A60 /* Screenshots */ = {
			isa = PBXGroup;
			children = (
				C43E53052779D7AA002B6A60 /* Screenshot01.png */,
				C43E53032779D7AA002B6A60 /* Screenshot02.png */,
				C43E53042779D7AA002B6A60 /* Screenshot03.png */,
			);
			path = Screenshots;
			sourceTree = "<group>";
		};
		C45A75D62768440400C96009 = {
			isa = PBXGroup;
			children = (
				C43E53022779D78E002B6A60 /* Screenshots */,
				C45A75E12768440400C96009 /* TableView */,
				C45A75E02768440400C96009 /* Products */,
			);
			sourceTree = "<group>";
		};
		C45A75E02768440400C96009 /* Products */ = {
			isa = PBXGroup;
			children = (
				C45A75DF2768440400C96009 /* TableView.app */,
			);
			name = Products;
			sourceTree = "<group>";
		};
		C45A75E12768440400C96009 /* TableView */ = {
			isa = PBXGroup;
			children = (
				C45A75F02768440600C96009 /* Info.plist */,
				C45A76002768525400C96009 /* Manager */,
				C45A75F6276844E800C96009 /* Model */,
				C45A75E42768440400C96009 /* SceneDelegate.swift */,
				C45A75FB27684A2600C96009 /* Supporting files */,
				C45A75F9276849A300C96009 /* View Controllers */,
				C45A75FA276849C400C96009 /* Views */,
			);
			path = TableView;
			sourceTree = "<group>";
		};
		C45A75F6276844E800C96009 /* Model */ = {
			isa = PBXGroup;
			children = (
				C45A75F72768450D00C96009 /* Emoji.swift */,
			);
			path = Model;
			sourceTree = "<group>";
		};
		C45A75F9276849A300C96009 /* View Controllers */ = {
			isa = PBXGroup;
			children = (
				C45A75FC27684B4A00C96009 /* EmojiTableViewController.swift */,
				C45A75FE27684B7200C96009 /* AddEditTableViewController.swift */,
			);
			path = "View Controllers";
			sourceTree = "<group>";
		};
		C45A75FA276849C400C96009 /* Views */ = {
			isa = PBXGroup;
			children = (
				C4156D37276B12BB00487D5A /* Cells */,
				C4156D36276B12A000487D5A /* StoryBoard */,
			);
			path = Views;
			sourceTree = "<group>";
		};
		C45A75FB27684A2600C96009 /* Supporting files */ = {
			isa = PBXGroup;
			children = (
				C45A75E22768440400C96009 /* AppDelegate.swift */,
				C45A75EB2768440600C96009 /* Assets.xcassets */,
			);
			path = "Supporting files";
			sourceTree = "<group>";
		};
		C45A76002768525400C96009 /* Manager */ = {
			isa = PBXGroup;
			children = (
				C45A76012768528300C96009 /* CellManager.swift */,
			);
			path = Manager;
			sourceTree = "<group>";
		};
/* End PBXGroup section */

/* Begin PBXNativeTarget section */
		C45A75DE2768440400C96009 /* TableView */ = {
			isa = PBXNativeTarget;
			buildConfigurationList = C45A75F32768440600C96009 /* Build configuration list for PBXNativeTarget "TableView" */;
			buildPhases = (
				C45A75DB2768440400C96009 /* Sources */,
				C45A75DC2768440400C96009 /* Frameworks */,
				C45A75DD2768440400C96009 /* Resources */,
			);
			buildRules = (
			);
			dependencies = (
			);
			name = TableView;
			productName = TableView;
			productReference = C45A75DF2768440400C96009 /* TableView.app */;
			productType = "com.apple.product-type.application";
		};
/* End PBXNativeTarget section */

/* Begin PBXProject section */
		C45A75D72768440400C96009 /* Project object */ = {
			isa = PBXProject;
			attributes = {
				BuildIndependentTargetsInParallel = 1;
				LastSwiftUpdateCheck = 1310;
				LastUpgradeCheck = 1310;
				TargetAttributes = {
					C45A75DE2768440400C96009 = {
						CreatedOnToolsVersion = 13.1;
					};
				};
			};
			buildConfigurationList = C45A75DA2768440400C96009 /* Build configuration list for PBXProject "TableView" */;
			compatibilityVersion = "Xcode 9.3";
			developmentRegion = en;
			hasScannedForEncodings = 0;
			knownRegions = (
				en,
				Base,
			);
			mainGroup = C45A75D62768440400C96009;
			productRefGroup = C45A75E02768440400C96009 /* Products */;
			projectDirPath = "";
			projectRoot = "";
			targets = (
				C45A75DE2768440400C96009 /* TableView */,
			);
		};
/* End PBXProject section */

/* Begin PBXResourcesBuildPhase section */
		C45A75DD2768440400C96009 /* Resources */ = {
			isa = PBXResourcesBuildPhase;
			buildActionMask = 2147483647;
			files = (
				C45A75EF2768440600C96009 /* LaunchScreen.storyboard in Resources */,
				C45A75EC2768440600C96009 /* Assets.xcassets in Resources */,
				C43E53082779D7AA002B6A60 /* Screenshot01.png in Resources */,
				C45A75EA2768440400C96009 /* Main.storyboard in Resources */,
				C43E53072779D7AA002B6A60 /* Screenshot03.png in Resources */,
				C43E53062779D7AA002B6A60 /* Screenshot02.png in Resources */,
			);
			runOnlyForDeploymentPostprocessing = 0;
		};
/* End PBXResourcesBuildPhase section */

/* Begin PBXSourcesBuildPhase section */
		C45A75DB2768440400C96009 /* Sources */ = {
			isa = PBXSourcesBuildPhase;
			buildActionMask = 2147483647;
			files = (
				C45A75FD27684B4A00C96009 /* EmojiTableViewController.swift in Sources */,
				C4156D39276B132600487D5A /* EmojiCell.swift in Sources */,
				C45A76022768528300C96009 /* CellManager.swift in Sources */,
				C45A75E32768440400C96009 /* AppDelegate.swift in Sources */,
				C45A75F82768450D00C96009 /* Emoji.swift in Sources */,
				C45A75E52768440400C96009 /* SceneDelegate.swift in Sources */,
				C45A75FF27684B7200C96009 /* AddEditTableViewController.swift in Sources */,
			);
			runOnlyForDeploymentPostprocessing = 0;
		};
/* End PBXSourcesBuildPhase section */

/* Begin PBXVariantGroup section */
		C45A75E82768440400C96009 /* Main.storyboard */ = {
			isa = PBXVariantGroup;
			children = (
				C45A75E92768440400C96009 /* Base */,
			);
			name = Main.storyboard;
			sourceTree = "<group>";
		};
		C45A75ED2768440600C96009 /* LaunchScreen.storyboard */ = {
			isa = PBXVariantGroup;
			children = (
				C45A75EE2768440600C96009 /* Base */,
			);
			name = LaunchScreen.storyboard;
			sourceTree = "<group>";
		};
/* End PBXVariantGroup section */

/* Begin XCBuildConfiguration section */
		C45A75F12768440600C96009 /* Debug */ = {
			isa = XCBuildConfiguration;
			buildSettings = {
				ALWAYS_SEARCH_USER_PATHS = NO;
				CLANG_ANALYZER_NONNULL = YES;
				CLANG_ANALYZER_NUMBER_OBJECT_CONVERSION = YES_AGGRESSIVE;
				CLANG_CXX_LANGUAGE_STANDARD = "gnu++17";
				CLANG_CXX_LIBRARY = "libc++";
				CLANG_ENABLE_MODULES = YES;
				CLANG_ENABLE_OBJC_ARC = YES;
				CLANG_ENABLE_OBJC_WEAK = YES;
				CLANG_WARN_BLOCK_CAPTURE_AUTORELEASING = YES;
				CLANG_WARN_BOOL_CONVERSION = YES;
				CLANG_WARN_COMMA = YES;
				CLANG_WARN_CONSTANT_CONVERSION = YES;
				CLANG_WARN_DEPRECATED_OBJC_IMPLEMENTATIONS = YES;
				CLANG_WARN_DIRECT_OBJC_ISA_USAGE = YES_ERROR;
				CLANG_WARN_DOCUMENTATION_COMMENTS = YES;
				CLANG_WARN_EMPTY_BODY = YES;
				CLANG_WARN_ENUM_CONVERSION = YES;
				CLANG_WARN_INFINITE_RECURSION = YES;
				CLANG_WARN_INT_CONVERSION = YES;
				CLANG_WARN_NON_LITERAL_NULL_CONVERSION = YES;
				CLANG_WARN_OBJC_IMPLICIT_RETAIN_SELF = YES;
				CLANG_WARN_OBJC_LITERAL_CONVERSION = YES;
				CLANG_WARN_OBJC_ROOT_CLASS = YES_ERROR;
				CLANG_WARN_QUOTED_INCLUDE_IN_FRAMEWORK_HEADER = YES;
				CLANG_WARN_RANGE_LOOP_ANALYSIS = YES;
				CLANG_WARN_STRICT_PROTOTYPES = YES;
				CLANG_WARN_SUSPICIOUS_MOVE = YES;
				CLANG_WARN_UNGUARDED_AVAILABILITY = YES_AGGRESSIVE;
				CLANG_WARN_UNREACHABLE_CODE = YES;
				CLANG_WARN__DUPLICATE_METHOD_MATCH = YES;
				COPY_PHASE_STRIP = NO;
				DEBUG_INFORMATION_FORMAT = dwarf;
				ENABLE_STRICT_OBJC_MSGSEND = YES;
				ENABLE_TESTABILITY = YES;
				GCC_C_LANGUAGE_STANDARD = gnu11;
				GCC_DYNAMIC_NO_PIC = NO;
				GCC_NO_COMMON_BLOCKS = YES;
				GCC_OPTIMIZATION_LEVEL = 0;
				GCC_PREPROCESSOR_DEFINITIONS = (
					"DEBUG=1",
					"$(inherited)",
				);
				GCC_WARN_64_TO_32_BIT_CONVERSION = YES;
				GCC_WARN_ABOUT_RETURN_TYPE = YES_ERROR;
				GCC_WARN_UNDECLARED_SELECTOR = YES;
				GCC_WARN_UNINITIALIZED_AUTOS = YES_AGGRESSIVE;
				GCC_WARN_UNUSED_FUNCTION = YES;
				GCC_WARN_UNUSED_VARIABLE = YES;
				IPHONEOS_DEPLOYMENT_TARGET = 13.0;
				MTL_ENABLE_DEBUG_INFO = INCLUDE_SOURCE;
				MTL_FAST_MATH = YES;
				ONLY_ACTIVE_ARCH = YES;
				SDKROOT = iphoneos;
				SWIFT_ACTIVE_COMPILATION_CONDITIONS = DEBUG;
				SWIFT_OPTIMIZATION_LEVEL = "-Onone";
			};
			name = Debug;
		};
		C45A75F22768440600C96009 /* Release */ = {
			isa = XCBuildConfiguration;
			buildSettings = {
				ALWAYS_SEARCH_USER_PATHS = NO;
				CLANG_ANALYZER_NONNULL = YES;
				CLANG_ANALYZER_NUMBER_OBJECT_CONVERSION = YES_AGGRESSIVE;
				CLANG_CXX_LANGUAGE_STANDARD = "gnu++17";
				CLANG_CXX_LIBRARY = "libc++";
				CLANG_ENABLE_MODULES = YES;
				CLANG_ENABLE_OBJC_ARC = YES;
				CLANG_ENABLE_OBJC_WEAK = YES;
				CLANG_WARN_BLOCK_CAPTURE_AUTORELEASING = YES;
				CLANG_WARN_BOOL_CONVERSION = YES;
				CLANG_WARN_COMMA = YES;
				CLANG_WARN_CONSTANT_CONVERSION = YES;
				CLANG_WARN_DEPRECATED_OBJC_IMPLEMENTATIONS = YES;
				CLANG_WARN_DIRECT_OBJC_ISA_USAGE = YES_ERROR;
				CLANG_WARN_DOCUMENTATION_COMMENTS = YES;
				CLANG_WARN_EMPTY_BODY = YES;
				CLANG_WARN_ENUM_CONVERSION = YES;
				CLANG_WARN_INFINITE_RECURSION = YES;
				CLANG_WARN_INT_CONVERSION = YES;
				CLANG_WARN_NON_LITERAL_NULL_CONVERSION = YES;
				CLANG_WARN_OBJC_IMPLICIT_RETAIN_SELF = YES;
				CLANG_WARN_OBJC_LITERAL_CONVERSION = YES;
				CLANG_WARN_OBJC_ROOT_CLASS = YES_ERROR;
				CLANG_WARN_QUOTED_INCLUDE_IN_FRAMEWORK_HEADER = YES;
				CLANG_WARN_RANGE_LOOP_ANALYSIS = YES;
				CLANG_WARN_STRICT_PROTOTYPES = YES;
				CLANG_WARN_SUSPICIOUS_MOVE = YES;
				CLANG_WARN_UNGUARDED_AVAILABILITY = YES_AGGRESSIVE;
				CLANG_WARN_UNREACHABLE_CODE = YES;
				CLANG_WARN__DUPLICATE_METHOD_MATCH = YES;
				COPY_PHASE_STRIP = NO;
				DEBUG_INFORMATION_FORMAT = "dwarf-with-dsym";
				ENABLE_NS_ASSERTIONS = NO;
				ENABLE_STRICT_OBJC_MSGSEND = YES;
				GCC_C_LANGUAGE_STANDARD = gnu11;
				GCC_NO_COMMON_BLOCKS = YES;
				GCC_WARN_64_TO_32_BIT_CONVERSION = YES;
				GCC_WARN_ABOUT_RETURN_TYPE = YES_ERROR;
				GCC_WARN_UNDECLARED_SELECTOR = YES;
				GCC_WARN_UNINITIALIZED_AUTOS = YES_AGGRESSIVE;
				GCC_WARN_UNUSED_FUNCTION = YES;
				GCC_WARN_UNUSED_VARIABLE = YES;
				IPHONEOS_DEPLOYMENT_TARGET = 13.0;
				MTL_ENABLE_DEBUG_INFO = NO;
				MTL_FAST_MATH = YES;
				SDKROOT = iphoneos;
				SWIFT_COMPILATION_MODE = wholemodule;
				SWIFT_OPTIMIZATION_LEVEL = "-O";
				VALIDATE_PRODUCT = YES;
			};
			name = Release;
		};
		C45A75F42768440600C96009 /* Debug */ = {
			isa = XCBuildConfiguration;
			buildSettings = {
				ASSETCATALOG_COMPILER_APPICON_NAME = AppIcon;
				ASSETCATALOG_COMPILER_GLOBAL_ACCENT_COLOR_NAME = AccentColor;
				CODE_SIGN_STYLE = Automatic;
				CURRENT_PROJECT_VERSION = 1;
				DEVELOPMENT_TEAM = 9V3TAVF7A9;
				GENERATE_INFOPLIST_FILE = YES;
				INFOPLIST_FILE = TableView/Info.plist;
				INFOPLIST_KEY_UIApplicationSupportsIndirectInputEvents = YES;
				INFOPLIST_KEY_UILaunchStoryboardName = LaunchScreen;
				INFOPLIST_KEY_UIMainStoryboardFile = Main;
				INFOPLIST_KEY_UISupportedInterfaceOrientations_iPad = "UIInterfaceOrientationPortrait UIInterfaceOrientationPortraitUpsideDown UIInterfaceOrientationLandscapeLeft UIInterfaceOrientationLandscapeRight";
				INFOPLIST_KEY_UISupportedInterfaceOrientations_iPhone = "UIInterfaceOrientationPortrait UIInterfaceOrientationLandscapeLeft UIInterfaceOrientationLandscapeRight";
				IPHONEOS_DEPLOYMENT_TARGET = 13.0;
				LD_RUNPATH_SEARCH_PATHS = (
					"$(inherited)",
					"@executable_path/Frameworks",
				);
				MARKETING_VERSION = 1.0;
				PRODUCT_BUNDLE_IDENTIFIER = app8bob.TableView;
				PRODUCT_NAME = "$(TARGET_NAME)";
				SWIFT_EMIT_LOC_STRINGS = YES;
				SWIFT_VERSION = 5.0;
				TARGETED_DEVICE_FAMILY = "1,2";
			};
			name = Debug;
		};
		C45A75F52768440600C96009 /* Release */ = {
			isa = XCBuildConfiguration;
			buildSettings = {
				ASSETCATALOG_COMPILER_APPICON_NAME = AppIcon;
				ASSETCATALOG_COMPILER_GLOBAL_ACCENT_COLOR_NAME = AccentColor;
				CODE_SIGN_STYLE = Automatic;
				CURRENT_PROJECT_VERSION = 1;
				DEVELOPMENT_TEAM = 9V3TAVF7A9;
				GENERATE_INFOPLIST_FILE = YES;
				INFOPLIST_FILE = TableView/Info.plist;
				INFOPLIST_KEY_UIApplicationSupportsIndirectInputEvents = YES;
				INFOPLIST_KEY_UILaunchStoryboardName = LaunchScreen;
				INFOPLIST_KEY_UIMainStoryboardFile = Main;
				INFOPLIST_KEY_UISupportedInterfaceOrientations_iPad = "UIInterfaceOrientationPortrait UIInterfaceOrientationPortraitUpsideDown UIInterfaceOrientationLandscapeLeft UIInterfaceOrientationLandscapeRight";
				INFOPLIST_KEY_UISupportedInterfaceOrientations_iPhone = "UIInterfaceOrientationPortrait UIInterfaceOrientationLandscapeLeft UIInterfaceOrientationLandscapeRight";
				IPHONEOS_DEPLOYMENT_TARGET = 13.0;
				LD_RUNPATH_SEARCH_PATHS = (
					"$(inherited)",
					"@executable_path/Frameworks",
				);
				MARKETING_VERSION = 1.0;
				PRODUCT_BUNDLE_IDENTIFIER = app8bob.TableView;
				PRODUCT_NAME = "$(TARGET_NAME)";
				SWIFT_EMIT_LOC_STRINGS = YES;
				SWIFT_VERSION = 5.0;
				TARGETED_DEVICE_FAMILY = "1,2";
			};
			name = Release;
		};
/* End XCBuildConfiguration section */

/* Begin XCConfigurationList section */
		C45A75DA2768440400C96009 /* Build configuration list for PBXProject "TableView" */ = {
			isa = XCConfigurationList;
			buildConfigurations = (
				C45A75F12768440600C96009 /* Debug */,
				C45A75F22768440600C96009 /* Release */,
			);
			defaultConfigurationIsVisible = 0;
			defaultConfigurationName = Release;
		};
		C45A75F32768440600C96009 /* Build configuration list for PBXNativeTarget "TableView" */ = {
			isa = XCConfigurationList;
			buildConfigurations = (
				C45A75F42768440600C96009 /* Debug */,
				C45A75F52768440600C96009 /* Release */,
			);
			defaultConfigurationIsVisible = 0;
			defaultConfigurationName = Release;
		};
/* End XCConfigurationList section */
	};
	rootObject = C45A75D72768440400C96009 /* Project object */;
}
